
Microsoft Visual Studio Solution File, Format Version 12.00
# Visual Studio 15
VisualStudioVersion = 15.0.27703.2035
MinimumVisualStudioVersion = 10.0.40219.1
Project("{FAE04EC0-301F-11D3-BF4B-00C04F79EFBC}") = "AccountantApp", "AccountantApp\AccountantApp.csproj", "{B513D76D-1B7E-4D28-9DBB-F126F68976F9}"
EndProject
Global
	GlobalSection(SolutionConfigurationPlatforms) = preSolution
		Debug|Any CPU = Debug|Any CPU
		Release|Any CPU = Release|Any CPU
	EndGlobalSection
	GlobalSection(ProjectConfigurationPlatforms) = postSolution
		{B513D76D-1B7E-4D28-9DBB-F126F68976F9}.Debug|Any CPU.ActiveCfg = Debug|Any CPU
		{B513D76D-1B7E-4D28-9DBB-F126F68976F9}.Debug|Any CPU.Build.0 = Debug|Any CPU
		{B513D76D-1B7E-4D28-9DBB-F126F68976F9}.Release|Any CPU.ActiveCfg = Release|Any CPU
		{B513D76D-1B7E-4D28-9DBB-F126F68976F9}.Release|Any CPU.Build.0 = Release|Any CPU
	EndGlobalSection
	GlobalSection(SolutionProperties) = preSolution
		HideSolutionNode = FALSE
	EndGlobalSection
	GlobalSection(ExtensibilityGlobals) = postSolution
		SolutionGuid = {063032FA-DE36-47C7-8B2B-511943E39B8E}
	EndGlobalSection
EndGlobal
